
Microsoft Visual Studio Solution File, Format Version 12.00
# Visual Studio 14
VisualStudioVersion = 14.0.25420.1
MinimumVisualStudioVersion = 10.0.40219.1
Project("{FAE04EC0-301F-11D3-BF4B-00C04F79EFBC}") = "UserInterface", "UserInterface\UserInterface.csproj", "{EA7E810B-E07A-478E-891A-F7A4F5D6631D}"
EndProject
Project("{FAE04EC0-301F-11D3-BF4B-00C04F79EFBC}") = "DataAccess", "DataAccess\DataAccess.csproj", "{F05B07EE-FE5E-4171-999D-56A74E3FEADC}"
EndProject
Project("{FAE04EC0-301F-11D3-BF4B-00C04F79EFBC}") = "BusinessLogic", "BusinessLogic\BusinessLogic.csproj", "{CC933FB3-05F9-4544-87CE-243B9D87E1B5}"
EndProject
Project("{FAE04EC0-301F-11D3-BF4B-00C04F79EFBC}") = "TransferObjects", "TransferObjects\TransferObjects.csproj", "{55BE160E-C731-4FC0-AE8A-0F12D773568B}"
EndProject
Project("{FAE04EC0-301F-11D3-BF4B-00C04F79EFBC}") = "UnitTestProject", "UnitTestProject\UnitTestProject.csproj", "{48DF9E46-04ED-493C-BCBD-41BA490E3495}"
EndProject
Global
	GlobalSection(SolutionConfigurationPlatforms) = preSolution
		Debug|Any CPU = Debug|Any CPU
		Release|Any CPU = Release|Any CPU
	EndGlobalSection
	GlobalSection(ProjectConfigurationPlatforms) = postSolution
		{EA7E810B-E07A-478E-891A-F7A4F5D6631D}.Debug|Any CPU.ActiveCfg = Debug|Any CPU
		{EA7E810B-E07A-478E-891A-F7A4F5D6631D}.Debug|Any CPU.Build.0 = Debug|Any CPU
		{EA7E810B-E07A-478E-891A-F7A4F5D6631D}.Release|Any CPU.ActiveCfg = Release|Any CPU
		{EA7E810B-E07A-478E-891A-F7A4F5D6631D}.Release|Any CPU.Build.0 = Release|Any CPU
		{F05B07EE-FE5E-4171-999D-56A74E3FEADC}.Debug|Any CPU.ActiveCfg = Debug|Any CPU
		{F05B07EE-FE5E-4171-999D-56A74E3FEADC}.Debug|Any CPU.Build.0 = Debug|Any CPU
		{F05B07EE-FE5E-4171-999D-56A74E3FEADC}.Release|Any CPU.ActiveCfg = Release|Any CPU
		{F05B07EE-FE5E-4171-999D-56A74E3FEADC}.Release|Any CPU.Build.0 = Release|Any CPU
		{CC933FB3-05F9-4544-87CE-243B9D87E1B5}.Debug|Any CPU.ActiveCfg = Debug|Any CPU
		{CC933FB3-05F9-4544-87CE-243B9D87E1B5}.Debug|Any CPU.Build.0 = Debug|Any CPU
		{CC933FB3-05F9-4544-87CE-243B9D87E1B5}.Release|Any CPU.ActiveCfg = Release|Any CPU
		{CC933FB3-05F9-4544-87CE-243B9D87E1B5}.Release|Any CPU.Build.0 = Release|Any CPU
		{55BE160E-C731-4FC0-AE8A-0F12D773568B}.Debug|Any CPU.ActiveCfg = Debug|Any CPU
		{55BE160E-C731-4FC0-AE8A-0F12D773568B}.Debug|Any CPU.Build.0 = Debug|Any CPU
		{55BE160E-C731-4FC0-AE8A-0F12D773568B}.Release|Any CPU.ActiveCfg = Release|Any CPU
		{55BE160E-C731-4FC0-AE8A-0F12D773568B}.Release|Any CPU.Build.0 = Release|Any CPU
		{48DF9E46-04ED-493C-BCBD-41BA490E3495}.Debug|Any CPU.ActiveCfg = Debug|Any CPU
		{48DF9E46-04ED-493C-BCBD-41BA490E3495}.Debug|Any CPU.Build.0 = Debug|Any CPU
		{48DF9E46-04ED-493C-BCBD-41BA490E3495}.Release|Any CPU.ActiveCfg = Release|Any CPU
		{48DF9E46-04ED-493C-BCBD-41BA490E3495}.Release|Any CPU.Build.0 = Release|Any CPU
	EndGlobalSection
	GlobalSection(SolutionProperties) = preSolution
		HideSolutionNode = FALSE
	EndGlobalSection
EndGlobal
